
Microsoft Visual Studio Solution File, Format Version 12.00
# Visual Studio Version 17
VisualStudioVersion = 17.3.32819.101
MinimumVisualStudioVersion = 10.0.40219.1
Project("{FAE04EC0-301F-11D3-BF4B-00C04F79EFBC}") = "Thread", "Thread\Thread.csproj", "{D8A230F8-A42D-4A26-9807-249756E52EF7}"
EndProject
Global
	GlobalSection(SolutionConfigurationPlatforms) = preSolution
		Debug|Any CPU = Debug|Any CPU
		Release|Any CPU = Release|Any CPU
	EndGlobalSection
	GlobalSection(ProjectConfigurationPlatforms) = postSolution
		{D8A230F8-A42D-4A26-9807-249756E52EF7}.Debug|Any CPU.ActiveCfg = Debug|Any CPU
		{D8A230F8-A42D-4A26-9807-249756E52EF7}.Debug|Any CPU.Build.0 = Debug|Any CPU
		{D8A230F8-A42D-4A26-9807-249756E52EF7}.Release|Any CPU.ActiveCfg = Release|Any CPU
		{D8A230F8-A42D-4A26-9807-249756E52EF7}.Release|Any CPU.Build.0 = Release|Any CPU
	EndGlobalSection
	GlobalSection(SolutionProperties) = preSolution
		HideSolutionNode = FALSE
	EndGlobalSection
	GlobalSection(ExtensibilityGlobals) = postSolution
		SolutionGuid = {BE4F9B04-7B5E-49AA-ACBC-C7750CAC5871}
	EndGlobalSection
EndGlobal
